// !$*UTF8*$!
{
	archiveVersion = 1;
	classes = {
	};
	objectVersion = 48;
	objects = {

/* Begin PBXBuildFile section */
		88DF78B71F2749EE00A607DA /* AppDelegate.swift in Sources */ = {isa = PBXBuildFile; fileRef = 88DF78B61F2749EE00A607DA /* AppDelegate.swift */; };
		88DF78B91F2749EE00A607DA /* ViewController.swift in Sources */ = {isa = PBXBuildFile; fileRef = 88DF78B81F2749EE00A607DA /* ViewController.swift */; };
		88DF78BC1F2749EE00A607DA /* Main.storyboard in Resources */ = {isa = PBXBuildFile; fileRef = 88DF78BA1F2749EE00A607DA /* Main.storyboard */; };
		88DF78BE1F2749EE00A607DA /* Assets.xcassets in Resources */ = {isa = PBXBuildFile; fileRef = 88DF78BD1F2749EE00A607DA /* Assets.xcassets */; };
		88DF78C11F2749EE00A607DA /* LaunchScreen.storyboard in Resources */ = {isa = PBXBuildFile; fileRef = 88DF78BF1F2749EE00A607DA /* LaunchScreen.storyboard */; };
/* End PBXBuildFile section */

/* Begin PBXFileReference section */
		88DF78B31F2749EE00A607DA /* Day01-Hustle-mode.app */ = {isa = PBXFileReference; explicitFileType = wrapper.application; includeInIndex = 0; path = "Day01-Hustle-mode.app"; sourceTree = BUILT_PRODUCTS_DIR; };
		88DF78B61F2749EE00A607DA /* AppDelegate.swift */ = {isa = PBXFileReference; lastKnownFileType = sourcecode.swift; path = AppDelegate.swift; sourceTree = "<group>"; };
		88DF78B81F2749EE00A607DA /* ViewController.swift */ = {isa = PBXFileReference; lastKnownFileType = sourcecode.swift; path = ViewController.swift; sourceTree = "<group>"; };
		88DF78BB1F2749EE00A607DA /* Base */ = {isa = PBXFileReference; lastKnownFileType = file.storyboard; name = Base; path = Base.lproj/Main.storyboard; sourceTree = "<group>"; };
		88DF78BD1F2749EE00A607DA /* Assets.xcassets */ = {isa = PBXFileReference; lastKnownFileType = folder.assetcatalog; path = Assets.xcassets; sourceTree = "<group>"; };
		88DF78C01F2749EE00A607DA /* Base */ = {isa = PBXFileReference; lastKnownFileType = file.storyboard; name = Base; path = Base.lproj/LaunchScreen.storyboard; sourceTree = "<group>"; };
		88DF78C21F2749EE00A607DA /* Info.plist */ = {isa = PBXFileReference; lastKnownFileType = text.plist.xml; path = Info.plist; sourceTree = "<group>"; };
		88DF78C81F274AF000A607DA /* hustle-on.wav */ = {isa = PBXFileReference; lastKnownFileType = audio.wav; path = "hustle-on.wav"; sourceTree = "<group>"; };
/* End PBXFileReference section */

/* Begin PBXFrameworksBuildPhase section */
		88DF78B01F2749EE00A607DA /* Frameworks */ = {
			isa = PBXFrameworksBuildPhase;
			buildActionMask = 2147483647;
			files = (
			);
			runOnlyForDeploymentPostprocessing = 0;
		};
/* End PBXFrameworksBuildPhase section */

/* Begin PBXGroup section */
		88DF78AA1F2749EE00A607DA = {
			isa = PBXGroup;
			children = (
				88DF78B51F2749EE00A607DA /* Day01-Hustle-mode */,
				88DF78B41F2749EE00A607DA /* Products */,
			);
			sourceTree = "<group>";
		};
		88DF78B41F2749EE00A607DA /* Products */ = {
			isa = PBXGroup;
			children = (
				88DF78B31F2749EE00A607DA /* Day01-Hustle-mode.app */,
			);
			name = Products;
			sourceTree = "<group>";
		};
		88DF78B51F2749EE00A607DA /* Day01-Hustle-mode */ = {
			isa = PBXGroup;
			children = (
				88DF78C81F274AF000A607DA /* hustle-on.wav */,
				88DF78B61F2749EE00A607DA /* AppDelegate.swift */,
				88DF78B81F2749EE00A607DA /* ViewController.swift */,
				88DF78BA1F2749EE00A607DA /* Main.storyboard */,
				88DF78BD1F2749EE00A607DA /* Assets.xcassets */,
				88DF78BF1F2749EE00A607DA /* LaunchScreen.storyboard */,
				88DF78C21F2749EE00A607DA /* Info.plist */,
			);
			path = "Day01-Hustle-mode";
			sourceTree = "<group>";
		};
/* End PBXGroup section */

/* Begin PBXNativeTarget section */
		88DF78B21F2749EE00A607DA /* Day01-Hustle-mode */ = {
			isa = PBXNativeTarget;
			buildConfigurationList = 88DF78C51F2749EE00A607DA /* Build configuration list for PBXNativeTarget "Day01-Hustle-mode" */;
			buildPhases = (
				88DF78AF1F2749EE00A607DA /* Sources */,
				88DF78B01F2749EE00A607DA /* Frameworks */,
				88DF78B11F2749EE00A607DA /* Resources */,
			);
			buildRules = (
			);
			dependencies = (
			);
			name = "Day01-Hustle-mode";
			productName = "Day01-Hustle-mode";
			productReference = 88DF78B31F2749EE00A607DA /* Day01-Hustle-mode.app */;
			productType = "com.apple.product-type.application";
		};
/* End PBXNativeTarget section */

/* Begin PBXProject section */
		88DF78AB1F2749EE00A607DA /* Project object */ = {
			isa = PBXProject;
			attributes = {
				LastSwiftUpdateCheck = 0900;
				LastUpgradeCheck = 0900;
				ORGANIZATIONNAME = "Riley Lee";
				TargetAttributes = {
					88DF78B21F2749EE00A607DA = {
						CreatedOnToolsVersion = 9.0;
					};
				};
			};
			buildConfigurationList = 88DF78AE1F2749EE00A607DA /* Build configuration list for PBXProject "Day01-Hustle-mode" */;
			compatibilityVersion = "Xcode 8.0";
			developmentRegion = en;
			hasScannedForEncodings = 0;
			knownRegions = (
				en,
				Base,
			);
			mainGroup = 88DF78AA1F2749EE00A607DA;
			productRefGroup = 88DF78B41F2749EE00A607DA /* Products */;
			projectDirPath = "";
			projectRoot = "";
			targets = (
				88DF78B21F2749EE00A607DA /* Day01-Hustle-mode */,
			);
		};
/* End PBXProject section */

/* Begin PBXResourcesBuildPhase section */
		88DF78B11F2749EE00A607DA /* Resources */ = {
			isa = PBXResourcesBuildPhase;
			buildActionMask = 2147483647;
			files = (
				88DF78C11F2749EE00A607DA /* LaunchScreen.storyboard in Resources */,
				88DF78BE1F2749EE00A607DA /* Assets.xcassets in Resources */,
				88DF78BC1F2749EE00A607DA /* Main.storyboard in Resources */,
			);
			runOnlyForDeploymentPostprocessing = 0;
		};
/* End PBXResourcesBuildPhase section */

/* Begin PBXSourcesBuildPhase section */
		88DF78AF1F2749EE00A607DA /* Sources */ = {
			isa = PBXSourcesBuildPhase;
			buildActionMask = 2147483647;
			files = (
				88DF78B91F2749EE00A607DA /* ViewController.swift in Sources */,
				88DF78B71F2749EE00A607DA /* AppDelegate.swift in Sources */,
			);
			runOnlyForDeploymentPostprocessing = 0;
		};
/* End PBXSourcesBuildPhase section */

/* Begin PBXVariantGroup section */
		88DF78BA1F2749EE00A607DA /* Main.storyboard */ = {
			isa = PBXVariantGroup;
			children = (
				88DF78BB1F2749EE00A607DA /* Base */,
			);
			name = Main.storyboard;
			sourceTree = "<group>";
		};
		88DF78BF1F2749EE00A607DA /* LaunchScreen.storyboard */ = {
			isa = PBXVariantGroup;
			children = (
				88DF78C01F2749EE00A607DA /* Base */,
			);
			name = LaunchScreen.storyboard;
			sourceTree = "<group>";
		};
/* End PBXVariantGroup section */

/* Begin XCBuildConfiguration section */
		88DF78C31F2749EE00A607DA /* Debug */ = {
			isa = XCBuildConfiguration;
			buildSettings = {
				ALWAYS_SEARCH_USER_PATHS = NO;
				CLANG_ANALYZER_NONNULL = YES;
				CLANG_ANALYZER_NUMBER_OBJECT_CONVERSION = YES_AGGRESSIVE;
				CLANG_CXX_LANGUAGE_STANDARD = "gnu++14";
				CLANG_CXX_LIBRARY = "libc++";
				CLANG_ENABLE_MODULES = YES;
				CLANG_ENABLE_OBJC_ARC = YES;
				CLANG_WARN_BLOCK_CAPTURE_AUTORELEASING = YES;
				CLANG_WARN_BOOL_CONVERSION = YES;
				CLANG_WARN_COMMA = YES;
				CLANG_WARN_CONSTANT_CONVERSION = YES;
				CLANG_WARN_DIRECT_OBJC_ISA_USAGE = YES_ERROR;
				CLANG_WARN_DOCUMENTATION_COMMENTS = YES;
				CLANG_WARN_EMPTY_BODY = YES;
				CLANG_WARN_ENUM_CONVERSION = YES;
				CLANG_WARN_INFINITE_RECURSION = YES;
				CLANG_WARN_INT_CONVERSION = YES;
				CLANG_WARN_NON_LITERAL_NULL_CONVERSION = YES;
				CLANG_WARN_OBJC_LITERAL_CONVERSION = YES;
				CLANG_WARN_OBJC_ROOT_CLASS = YES_ERROR;
				CLANG_WARN_RANGE_LOOP_ANALYSIS = YES;
				CLANG_WARN_STRICT_PROTOTYPES = YES;
				CLANG_WARN_SUSPICIOUS_MOVE = YES;
				CLANG_WARN_UNGUARDED_AVAILABILITY = YES_AGGRESSIVE;
				CLANG_WARN_UNREACHABLE_CODE = YES;
				CLANG_WARN__DUPLICATE_METHOD_MATCH = YES;
				CODE_SIGN_IDENTITY = "iPhone Developer";
				COPY_PHASE_STRIP = NO;
				DEBUG_INFORMATION_FORMAT = dwarf;
				ENABLE_STRICT_OBJC_MSGSEND = YES;
				ENABLE_TESTABILITY = YES;
				GCC_C_LANGUAGE_STANDARD = gnu11;
				GCC_DYNAMIC_NO_PIC = NO;
				GCC_NO_COMMON_BLOCKS = YES;
				GCC_OPTIMIZATION_LEVEL = 0;
				GCC_PREPROCESSOR_DEFINITIONS = (
					"DEBUG=1",
					"$(inherited)",
				);
				GCC_WARN_64_TO_32_BIT_CONVERSION = YES;
				GCC_WARN_ABOUT_RETURN_TYPE = YES_ERROR;
				GCC_WARN_UNDECLARED_SELECTOR = YES;
				GCC_WARN_UNINITIALIZED_AUTOS = YES_AGGRESSIVE;
				GCC_WARN_UNUSED_FUNCTION = YES;
				GCC_WARN_UNUSED_VARIABLE = YES;
				IPHONEOS_DEPLOYMENT_TARGET = 11.0;
				MTL_ENABLE_DEBUG_INFO = YES;
				ONLY_ACTIVE_ARCH = YES;
				SDKROOT = iphoneos;
				SWIFT_ACTIVE_COMPILATION_CONDITIONS = DEBUG;
				SWIFT_OPTIMIZATION_LEVEL = "-Onone";
			};
			name = Debug;
		};
		88DF78C41F2749EE00A607DA /* Release */ = {
			isa = XCBuildConfiguration;
			buildSettings = {
				ALWAYS_SEARCH_USER_PATHS = NO;
				CLANG_ANALYZER_NONNULL = YES;
				CLANG_ANALYZER_NUMBER_OBJECT_CONVERSION = YES_AGGRESSIVE;
				CLANG_CXX_LANGUAGE_STANDARD = "gnu++14";
				CLANG_CXX_LIBRARY = "libc++";
				CLANG_ENABLE_MODULES = YES;
				CLANG_ENABLE_OBJC_ARC = YES;
				CLANG_WARN_BLOCK_CAPTURE_AUTORELEASING = YES;
				CLANG_WARN_BOOL_CONVERSION = YES;
				CLANG_WARN_COMMA = YES;
				CLANG_WARN_CONSTANT_CONVERSION = YES;
				CLANG_WARN_DIRECT_OBJC_ISA_USAGE = YES_ERROR;
				CLANG_WARN_DOCUMENTATION_COMMENTS = YES;
				CLANG_WARN_EMPTY_BODY = YES;
				CLANG_WARN_ENUM_CONVERSION = YES;
				CLANG_WARN_INFINITE_RECURSION = YES;
				CLANG_WARN_INT_CONVERSION = YES;
				CLANG_WARN_NON_LITERAL_NULL_CONVERSION = YES;
				CLANG_WARN_OBJC_LITERAL_CONVERSION = YES;
				CLANG_WARN_OBJC_ROOT_CLASS = YES_ERROR;
				CLANG_WARN_RANGE_LOOP_ANALYSIS = YES;
				CLANG_WARN_STRICT_PROTOTYPES = YES;
				CLANG_WARN_SUSPICIOUS_MOVE = YES;
				CLANG_WARN_UNGUARDED_AVAILABILITY = YES_AGGRESSIVE;
				CLANG_WARN_UNREACHABLE_CODE = YES;
				CLANG_WARN__DUPLICATE_METHOD_MATCH = YES;
				CODE_SIGN_IDENTITY = "iPhone Developer";
				COPY_PHASE_STRIP = NO;
				DEBUG_INFORMATION_FORMAT = "dwarf-with-dsym";
				ENABLE_NS_ASSERTIONS = NO;
				ENABLE_STRICT_OBJC_MSGSEND = YES;
				GCC_C_LANGUAGE_STANDARD = gnu11;
				GCC_NO_COMMON_BLOCKS = YES;
				GCC_WARN_64_TO_32_BIT_CONVERSION = YES;
				GCC_WARN_ABOUT_RETURN_TYPE = YES_ERROR;
				GCC_WARN_UNDECLARED_SELECTOR = YES;
				GCC_WARN_UNINITIALIZED_AUTOS = YES_AGGRESSIVE;
				GCC_WARN_UNUSED_FUNCTION = YES;
				GCC_WARN_UNUSED_VARIABLE = YES;
				IPHONEOS_DEPLOYMENT_TARGET = 11.0;
				MTL_ENABLE_DEBUG_INFO = NO;
				SDKROOT = iphoneos;
				SWIFT_OPTIMIZATION_LEVEL = "-Owholemodule";
				VALIDATE_PRODUCT = YES;
			};
			name = Release;
		};
		88DF78C61F2749EE00A607DA /* Debug */ = {
			isa = XCBuildConfiguration;
			buildSettings = {
				ASSETCATALOG_COMPILER_APPICON_NAME = AppIcon;
				DEVELOPMENT_TEAM = SZ6ANR83SE;
				INFOPLIST_FILE = "Day01-Hustle-mode/Info.plist";
				LD_RUNPATH_SEARCH_PATHS = "$(inherited) @executable_path/Frameworks";
				PRODUCT_BUNDLE_IDENTIFIER = "Riley-Lee.Day01-Hustle-mode";
				PRODUCT_NAME = "$(TARGET_NAME)";
				SWIFT_VERSION = 4.0;
				TARGETED_DEVICE_FAMILY = "1,2";
			};
			name = Debug;
		};
		88DF78C71F2749EE00A607DA /* Release */ = {
			isa = XCBuildConfiguration;
			buildSettings = {
				ASSETCATALOG_COMPILER_APPICON_NAME = AppIcon;
				DEVELOPMENT_TEAM = SZ6ANR83SE;
				INFOPLIST_FILE = "Day01-Hustle-mode/Info.plist";
				LD_RUNPATH_SEARCH_PATHS = "$(inherited) @executable_path/Frameworks";
				PRODUCT_BUNDLE_IDENTIFIER = "Riley-Lee.Day01-Hustle-mode";
				PRODUCT_NAME = "$(TARGET_NAME)";
				SWIFT_VERSION = 4.0;
				TARGETED_DEVICE_FAMILY = "1,2";
			};
			name = Release;
		};
/* End XCBuildConfiguration section */

/* Begin XCConfigurationList section */
		88DF78AE1F2749EE00A607DA /* Build configuration list for PBXProject "Day01-Hustle-mode" */ = {
			isa = XCConfigurationList;
			buildConfigurations = (
				88DF78C31F2749EE00A607DA /* Debug */,
				88DF78C41F2749EE00A607DA /* Release */,
			);
			defaultConfigurationIsVisible = 0;
			defaultConfigurationName = Release;
		};
		88DF78C51F2749EE00A607DA /* Build configuration list for PBXNativeTarget "Day01-Hustle-mode" */ = {
			isa = XCConfigurationList;
			buildConfigurations = (
				88DF78C61F2749EE00A607DA /* Debug */,
				88DF78C71F2749EE00A607DA /* Release */,
			);
			defaultConfigurationIsVisible = 0;
			defaultConfigurationName = Release;
		};
/* End XCConfigurationList section */
	};
	rootObject = 88DF78AB1F2749EE00A607DA /* Project object */;
}
